
Microsoft Visual Studio Solution File, Format Version 12.00
# Visual Studio Version 17
VisualStudioVersion = 17.7.34202.233
MinimumVisualStudioVersion = 10.0.40219.1
Project("{FAE04EC0-301F-11D3-BF4B-00C04F79EFBC}") = "practica 7, ejercicio 3 U3", "practica 7, ejercicio 3 U3.csproj", "{16CACF51-0318-4448-9571-797F0B017D7A}"
EndProject
Global
	GlobalSection(SolutionConfigurationPlatforms) = preSolution
		Debug|Any CPU = Debug|Any CPU
		Release|Any CPU = Release|Any CPU
	EndGlobalSection
	GlobalSection(ProjectConfigurationPlatforms) = postSolution
		{16CACF51-0318-4448-9571-797F0B017D7A}.Debug|Any CPU.ActiveCfg = Debug|Any CPU
		{16CACF51-0318-4448-9571-797F0B017D7A}.Debug|Any CPU.Build.0 = Debug|Any CPU
		{16CACF51-0318-4448-9571-797F0B017D7A}.Release|Any CPU.ActiveCfg = Release|Any CPU
		{16CACF51-0318-4448-9571-797F0B017D7A}.Release|Any CPU.Build.0 = Release|Any CPU
	EndGlobalSection
	GlobalSection(SolutionProperties) = preSolution
		HideSolutionNode = FALSE
	EndGlobalSection
	GlobalSection(ExtensibilityGlobals) = postSolution
		SolutionGuid = {91B8B09B-E188-41E8-96E0-0A265897B237}
	EndGlobalSection
EndGlobal
